
Microsoft Visual Studio Solution File, Format Version 12.00
# Visual Studio Version 17
VisualStudioVersion = 17.13.35825.156 d17.13
MinimumVisualStudioVersion = 10.0.40219.1
Project("{8BC9CEB8-8B4A-11D0-8D11-00A0C91BC942}") = "CL 24", "CL 24\CL 24.vcxproj", "{3CCD104E-6F5A-4642-9378-7F083C660636}"
EndProject
Global
	GlobalSection(SolutionConfigurationPlatforms) = preSolution
		Debug|x64 = Debug|x64
		Debug|x86 = Debug|x86
		Release|x64 = Release|x64
		Release|x86 = Release|x86
	EndGlobalSection
	GlobalSection(ProjectConfigurationPlatforms) = postSolution
		{3CCD104E-6F5A-4642-9378-7F083C660636}.Debug|x64.ActiveCfg = Debug|x64
		{3CCD104E-6F5A-4642-9378-7F083C660636}.Debug|x64.Build.0 = Debug|x64
		{3CCD104E-6F5A-4642-9378-7F083C660636}.Debug|x86.ActiveCfg = Debug|Win32
		{3CCD104E-6F5A-4642-9378-7F083C660636}.Debug|x86.Build.0 = Debug|Win32
		{3CCD104E-6F5A-4642-9378-7F083C660636}.Release|x64.ActiveCfg = Release|x64
		{3CCD104E-6F5A-4642-9378-7F083C660636}.Release|x64.Build.0 = Release|x64
		{3CCD104E-6F5A-4642-9378-7F083C660636}.Release|x86.ActiveCfg = Release|Win32
		{3CCD104E-6F5A-4642-9378-7F083C660636}.Release|x86.Build.0 = Release|Win32
	EndGlobalSection
	GlobalSection(SolutionProperties) = preSolution
		HideSolutionNode = FALSE
	EndGlobalSection
	GlobalSection(ExtensibilityGlobals) = postSolution
		SolutionGuid = {81AE21B0-E47B-40CC-A9F5-E929A93EE9EE}
	EndGlobalSection
EndGlobal
